
Microsoft Visual Studio Solution File, Format Version 12.00
# Visual Studio Version 17
VisualStudioVersion = 17.1.32407.343
MinimumVisualStudioVersion = 10.0.40219.1
Project("{FAE04EC0-301F-11D3-BF4B-00C04F79EFBC}") = "MARS QA", "MARS QA.csproj", "{31E705E8-4566-4D9F-87B2-0F59199054DA}"
EndProject
Global
	GlobalSection(SolutionConfigurationPlatforms) = preSolution
		Debug|Any CPU = Debug|Any CPU
		Release|Any CPU = Release|Any CPU
	EndGlobalSection
	GlobalSection(ProjectConfigurationPlatforms) = postSolution
		{31E705E8-4566-4D9F-87B2-0F59199054DA}.Debug|Any CPU.ActiveCfg = Debug|Any CPU
		{31E705E8-4566-4D9F-87B2-0F59199054DA}.Debug|Any CPU.Build.0 = Debug|Any CPU
		{31E705E8-4566-4D9F-87B2-0F59199054DA}.Release|Any CPU.ActiveCfg = Release|Any CPU
		{31E705E8-4566-4D9F-87B2-0F59199054DA}.Release|Any CPU.Build.0 = Release|Any CPU
	EndGlobalSection
	GlobalSection(SolutionProperties) = preSolution
		HideSolutionNode = FALSE
	EndGlobalSection
	GlobalSection(ExtensibilityGlobals) = postSolution
		SolutionGuid = {3A785A4A-FE3B-49E6-9D12-30163C51AE9F}
	EndGlobalSection
EndGlobal
